
Microsoft Visual Studio Solution File, Format Version 12.00
# Visual Studio Version 16
VisualStudioVersion = 16.0.30204.135
MinimumVisualStudioVersion = 10.0.40219.1
Project("{9A19103F-16F7-4668-BE54-9A1E7A4F7556}") = "mahallAppAPI", "mahallAppAPI\mahallAppAPI.csproj", "{036D4B56-A49F-4DD8-B875-7B33CAE718B4}"
EndProject
Project("{FAE04EC0-301F-11D3-BF4B-00C04F79EFBC}") = "MahallAPITests", "MahallAPITests\MahallAPITests.csproj", "{932E391C-3E5D-4121-B602-767E13B082E3}"
EndProject
Global
	GlobalSection(SolutionConfigurationPlatforms) = preSolution
		Debug|Any CPU = Debug|Any CPU
		Release|Any CPU = Release|Any CPU
	EndGlobalSection
	GlobalSection(ProjectConfigurationPlatforms) = postSolution
		{036D4B56-A49F-4DD8-B875-7B33CAE718B4}.Debug|Any CPU.ActiveCfg = Debug|Any CPU
		{036D4B56-A49F-4DD8-B875-7B33CAE718B4}.Debug|Any CPU.Build.0 = Debug|Any CPU
		{036D4B56-A49F-4DD8-B875-7B33CAE718B4}.Release|Any CPU.ActiveCfg = Release|Any CPU
		{036D4B56-A49F-4DD8-B875-7B33CAE718B4}.Release|Any CPU.Build.0 = Release|Any CPU
		{932E391C-3E5D-4121-B602-767E13B082E3}.Debug|Any CPU.ActiveCfg = Debug|Any CPU
		{932E391C-3E5D-4121-B602-767E13B082E3}.Debug|Any CPU.Build.0 = Debug|Any CPU
		{932E391C-3E5D-4121-B602-767E13B082E3}.Release|Any CPU.ActiveCfg = Release|Any CPU
		{932E391C-3E5D-4121-B602-767E13B082E3}.Release|Any CPU.Build.0 = Release|Any CPU
	EndGlobalSection
	GlobalSection(SolutionProperties) = preSolution
		HideSolutionNode = FALSE
	EndGlobalSection
	GlobalSection(ExtensibilityGlobals) = postSolution
		SolutionGuid = {959F79FD-EA3D-4BDB-82F1-A4A3DCD6D220}
	EndGlobalSection
EndGlobal
